
Microsoft Visual Studio Solution File, Format Version 12.00
# Visual Studio Version 16
VisualStudioVersion = 16.0.29102.190
MinimumVisualStudioVersion = 10.0.40219.1
Project("{FAE04EC0-301F-11D3-BF4B-00C04F79EFBC}") = "dpz2.Xml", "dpz2.Xml\dpz2.Xml.csproj", "{E43C3BBD-6578-4B03-9193-4F9BAB016888}"
EndProject
Global
	GlobalSection(SolutionConfigurationPlatforms) = preSolution
		Debug|Any CPU = Debug|Any CPU
		Release|Any CPU = Release|Any CPU
	EndGlobalSection
	GlobalSection(ProjectConfigurationPlatforms) = postSolution
		{E43C3BBD-6578-4B03-9193-4F9BAB016888}.Debug|Any CPU.ActiveCfg = Debug|Any CPU
		{E43C3BBD-6578-4B03-9193-4F9BAB016888}.Debug|Any CPU.Build.0 = Debug|Any CPU
		{E43C3BBD-6578-4B03-9193-4F9BAB016888}.Release|Any CPU.ActiveCfg = Release|Any CPU
		{E43C3BBD-6578-4B03-9193-4F9BAB016888}.Release|Any CPU.Build.0 = Release|Any CPU
	EndGlobalSection
	GlobalSection(SolutionProperties) = preSolution
		HideSolutionNode = FALSE
	EndGlobalSection
	GlobalSection(ExtensibilityGlobals) = postSolution
		SolutionGuid = {181C489C-5D51-4DFE-B986-214915A16B08}
	EndGlobalSection
EndGlobal
